
Microsoft Visual Studio Solution File, Format Version 12.00
# Visual Studio Version 17
VisualStudioVersion = 17.14.36203.30
MinimumVisualStudioVersion = 10.0.40219.1
Project("{FAE04EC0-301F-11D3-BF4B-00C04F79EFBC}") = "DevConnect.AppHost", "aspire\DevConnect.AppHost\DevConnect.AppHost.csproj", "{783E953D-A137-4A07-93A9-18433EE25343}"
EndProject
Project("{FAE04EC0-301F-11D3-BF4B-00C04F79EFBC}") = "DevConnect.ServiceDefaults", "aspire\DevConnect.ServiceDefaults\DevConnect.ServiceDefaults.csproj", "{BB80357C-2B0B-B21B-1EE0-A4BBD8A826A6}"
EndProject
Project("{FAE04EC0-301F-11D3-BF4B-00C04F79EFBC}") = "DevConnect.Web", "src\Front\DevConnect.Web\DevConnect.Web.csproj", "{33AE86E0-E162-3C87-0876-2D5636AC9E06}"
EndProject
Project("{FAE04EC0-301F-11D3-BF4B-00C04F79EFBC}") = "DevConnect.Tests", "test\DevConnect.Tests\DevConnect.Tests.csproj", "{58A623CE-C465-8C6B-BABB-3E5A8B866608}"
EndProject
Project("{2150E333-8FDC-42A3-9474-1A3956D46DE8}") = "aspire", "aspire", "{64880D93-BAB4-FF83-898C-B934B68C31A9}"
EndProject
Project("{2150E333-8FDC-42A3-9474-1A3956D46DE8}") = "src", "src", "{827E0CD3-B72D-47B6-A68D-7590B98EB39B}"
EndProject
Project("{2150E333-8FDC-42A3-9474-1A3956D46DE8}") = "test", "test", "{0C88DD14-F956-CE84-757C-A364CCF449FC}"
EndProject
Project("{2150E333-8FDC-42A3-9474-1A3956D46DE8}") = "Api", "Api", "{81034408-37C8-1011-444E-4C15C2FADA8E}"
EndProject
Project("{2150E333-8FDC-42A3-9474-1A3956D46DE8}") = "Front", "Front", "{08179FBA-AEB8-7AF7-21CF-6B348021C333}"
EndProject
Project("{2150E333-8FDC-42A3-9474-1A3956D46DE8}") = "Shared", "Shared", "{C8E42992-5E42-0C2B-DBFE-AA848D06431C}"
EndProject
Project("{FAE04EC0-301F-11D3-BF4B-00C04F79EFBC}") = "DevConnect.Shared", "src\Shared\DevConnect.Shared\DevConnect.Shared.csproj", "{F6249621-6443-4383-AABD-912E28C5D900}"
EndProject
Project("{FAE04EC0-301F-11D3-BF4B-00C04F79EFBC}") = "DevConnect.Application", "src\Api\DevConnect.Application\DevConnect.Application.csproj", "{57534E68-64AB-416D-A726-EFA9D54C84A7}"
EndProject
Project("{FAE04EC0-301F-11D3-BF4B-00C04F79EFBC}") = "DevConnect.Domain", "src\Api\DevConnect.Domain\DevConnect.Domain.csproj", "{575CF91C-2932-4AE4-8A58-3EFFDA3C367F}"
EndProject
Project("{FAE04EC0-301F-11D3-BF4B-00C04F79EFBC}") = "DevConnect.Infrastructure", "src\Api\DevConnect.Infrastructure\DevConnect.Infrastructure.csproj", "{3CF8A4AF-825C-4328-A8FE-9F0B24A73A19}"
EndProject
Project("{FAE04EC0-301F-11D3-BF4B-00C04F79EFBC}") = "DevConnect.ApiService", "src\Api\DevConnect.ApiService\DevConnect.ApiService.csproj", "{E7D249E2-2FD4-2C97-F6C0-3966C3EDACEF}"
EndProject
Project("{2150E333-8FDC-42A3-9474-1A3956D46DE8}") = "docs", "docs", "{208BA388-4CEE-2CBF-559C-5607C099C1F8}"
	ProjectSection(SolutionItems) = preProject
		Architecture.md = Architecture.md
	EndProjectSection
EndProject
Project("{2150E333-8FDC-42A3-9474-1A3956D46DE8}") = "tests", "tests", "{0AB3BF05-4346-4AA6-1389-037BE0695223}"
EndProject
Project("{2150E333-8FDC-42A3-9474-1A3956D46DE8}") = "Api", "Api", "{97094B24-3C9A-C0DB-C982-4A4025DE3508}"
EndProject
Project("{FAE04EC0-301F-11D3-BF4B-00C04F79EFBC}") = "DevConnect.UnitTests", "tests\Api\DevConnect.UnitTests\DevConnect.UnitTests.csproj", "{720958E2-07DA-4C26-AAA3-51ABB8C3441F}"
EndProject
Project("{FAE04EC0-301F-11D3-BF4B-00C04F79EFBC}") = "DevConnect.IntegrationTests", "tests\Api\DevConnect.IntegrationTests\DevConnect.IntegrationTests.csproj", "{5D963FA7-F8D1-4CC9-BCB3-1F8212BEFCCE}"
EndProject
Global
	GlobalSection(SolutionConfigurationPlatforms) = preSolution
		Debug|Any CPU = Debug|Any CPU
		Debug|x64 = Debug|x64
		Debug|x86 = Debug|x86
		Release|Any CPU = Release|Any CPU
		Release|x64 = Release|x64
		Release|x86 = Release|x86
	EndGlobalSection
	GlobalSection(ProjectConfigurationPlatforms) = postSolution
		{783E953D-A137-4A07-93A9-18433EE25343}.Debug|Any CPU.ActiveCfg = Debug|Any CPU
		{783E953D-A137-4A07-93A9-18433EE25343}.Debug|Any CPU.Build.0 = Debug|Any CPU
		{783E953D-A137-4A07-93A9-18433EE25343}.Debug|x64.ActiveCfg = Debug|Any CPU
		{783E953D-A137-4A07-93A9-18433EE25343}.Debug|x64.Build.0 = Debug|Any CPU
		{783E953D-A137-4A07-93A9-18433EE25343}.Debug|x86.ActiveCfg = Debug|Any CPU
		{783E953D-A137-4A07-93A9-18433EE25343}.Debug|x86.Build.0 = Debug|Any CPU
		{783E953D-A137-4A07-93A9-18433EE25343}.Release|Any CPU.ActiveCfg = Release|Any CPU
		{783E953D-A137-4A07-93A9-18433EE25343}.Release|Any CPU.Build.0 = Release|Any CPU
		{783E953D-A137-4A07-93A9-18433EE25343}.Release|x64.ActiveCfg = Release|Any CPU
		{783E953D-A137-4A07-93A9-18433EE25343}.Release|x64.Build.0 = Release|Any CPU
		{783E953D-A137-4A07-93A9-18433EE25343}.Release|x86.ActiveCfg = Release|Any CPU
		{783E953D-A137-4A07-93A9-18433EE25343}.Release|x86.Build.0 = Release|Any CPU
		{BB80357C-2B0B-B21B-1EE0-A4BBD8A826A6}.Debug|Any CPU.ActiveCfg = Debug|Any CPU
		{BB80357C-2B0B-B21B-1EE0-A4BBD8A826A6}.Debug|Any CPU.Build.0 = Debug|Any CPU
		{BB80357C-2B0B-B21B-1EE0-A4BBD8A826A6}.Debug|x64.ActiveCfg = Debug|Any CPU
		{BB80357C-2B0B-B21B-1EE0-A4BBD8A826A6}.Debug|x64.Build.0 = Debug|Any CPU
		{BB80357C-2B0B-B21B-1EE0-A4BBD8A826A6}.Debug|x86.ActiveCfg = Debug|Any CPU
		{BB80357C-2B0B-B21B-1EE0-A4BBD8A826A6}.Debug|x86.Build.0 = Debug|Any CPU
		{BB80357C-2B0B-B21B-1EE0-A4BBD8A826A6}.Release|Any CPU.ActiveCfg = Release|Any CPU
		{BB80357C-2B0B-B21B-1EE0-A4BBD8A826A6}.Release|Any CPU.Build.0 = Release|Any CPU
		{BB80357C-2B0B-B21B-1EE0-A4BBD8A826A6}.Release|x64.ActiveCfg = Release|Any CPU
		{BB80357C-2B0B-B21B-1EE0-A4BBD8A826A6}.Release|x64.Build.0 = Release|Any CPU
		{BB80357C-2B0B-B21B-1EE0-A4BBD8A826A6}.Release|x86.ActiveCfg = Release|Any CPU
		{BB80357C-2B0B-B21B-1EE0-A4BBD8A826A6}.Release|x86.Build.0 = Release|Any CPU
		{33AE86E0-E162-3C87-0876-2D5636AC9E06}.Debug|Any CPU.ActiveCfg = Debug|Any CPU
		{33AE86E0-E162-3C87-0876-2D5636AC9E06}.Debug|Any CPU.Build.0 = Debug|Any CPU
		{33AE86E0-E162-3C87-0876-2D5636AC9E06}.Debug|x64.ActiveCfg = Debug|Any CPU
		{33AE86E0-E162-3C87-0876-2D5636AC9E06}.Debug|x64.Build.0 = Debug|Any CPU
		{33AE86E0-E162-3C87-0876-2D5636AC9E06}.Debug|x86.ActiveCfg = Debug|Any CPU
		{33AE86E0-E162-3C87-0876-2D5636AC9E06}.Debug|x86.Build.0 = Debug|Any CPU
		{33AE86E0-E162-3C87-0876-2D5636AC9E06}.Release|Any CPU.ActiveCfg = Release|Any CPU
		{33AE86E0-E162-3C87-0876-2D5636AC9E06}.Release|Any CPU.Build.0 = Release|Any CPU
		{33AE86E0-E162-3C87-0876-2D5636AC9E06}.Release|x64.ActiveCfg = Release|Any CPU
		{33AE86E0-E162-3C87-0876-2D5636AC9E06}.Release|x64.Build.0 = Release|Any CPU
		{33AE86E0-E162-3C87-0876-2D5636AC9E06}.Release|x86.ActiveCfg = Release|Any CPU
		{33AE86E0-E162-3C87-0876-2D5636AC9E06}.Release|x86.Build.0 = Release|Any CPU
		{58A623CE-C465-8C6B-BABB-3E5A8B866608}.Debug|Any CPU.ActiveCfg = Debug|Any CPU
		{58A623CE-C465-8C6B-BABB-3E5A8B866608}.Debug|Any CPU.Build.0 = Debug|Any CPU
		{58A623CE-C465-8C6B-BABB-3E5A8B866608}.Debug|x64.ActiveCfg = Debug|Any CPU
		{58A623CE-C465-8C6B-BABB-3E5A8B866608}.Debug|x64.Build.0 = Debug|Any CPU
		{58A623CE-C465-8C6B-BABB-3E5A8B866608}.Debug|x86.ActiveCfg = Debug|Any CPU
		{58A623CE-C465-8C6B-BABB-3E5A8B866608}.Debug|x86.Build.0 = Debug|Any CPU
		{58A623CE-C465-8C6B-BABB-3E5A8B866608}.Release|Any CPU.ActiveCfg = Release|Any CPU
		{58A623CE-C465-8C6B-BABB-3E5A8B866608}.Release|Any CPU.Build.0 = Release|Any CPU
		{58A623CE-C465-8C6B-BABB-3E5A8B866608}.Release|x64.ActiveCfg = Release|Any CPU
		{58A623CE-C465-8C6B-BABB-3E5A8B866608}.Release|x64.Build.0 = Release|Any CPU
		{58A623CE-C465-8C6B-BABB-3E5A8B866608}.Release|x86.ActiveCfg = Release|Any CPU
		{58A623CE-C465-8C6B-BABB-3E5A8B866608}.Release|x86.Build.0 = Release|Any CPU
		{F6249621-6443-4383-AABD-912E28C5D900}.Debug|Any CPU.ActiveCfg = Debug|Any CPU
		{F6249621-6443-4383-AABD-912E28C5D900}.Debug|Any CPU.Build.0 = Debug|Any CPU
		{F6249621-6443-4383-AABD-912E28C5D900}.Debug|x64.ActiveCfg = Debug|Any CPU
		{F6249621-6443-4383-AABD-912E28C5D900}.Debug|x64.Build.0 = Debug|Any CPU
		{F6249621-6443-4383-AABD-912E28C5D900}.Debug|x86.ActiveCfg = Debug|Any CPU
		{F6249621-6443-4383-AABD-912E28C5D900}.Debug|x86.Build.0 = Debug|Any CPU
		{F6249621-6443-4383-AABD-912E28C5D900}.Release|Any CPU.ActiveCfg = Release|Any CPU
		{F6249621-6443-4383-AABD-912E28C5D900}.Release|Any CPU.Build.0 = Release|Any CPU
		{F6249621-6443-4383-AABD-912E28C5D900}.Release|x64.ActiveCfg = Release|Any CPU
		{F6249621-6443-4383-AABD-912E28C5D900}.Release|x64.Build.0 = Release|Any CPU
		{F6249621-6443-4383-AABD-912E28C5D900}.Release|x86.ActiveCfg = Release|Any CPU
		{F6249621-6443-4383-AABD-912E28C5D900}.Release|x86.Build.0 = Release|Any CPU
		{57534E68-64AB-416D-A726-EFA9D54C84A7}.Debug|Any CPU.ActiveCfg = Debug|Any CPU
		{57534E68-64AB-416D-A726-EFA9D54C84A7}.Debug|Any CPU.Build.0 = Debug|Any CPU
		{57534E68-64AB-416D-A726-EFA9D54C84A7}.Debug|x64.ActiveCfg = Debug|Any CPU
		{57534E68-64AB-416D-A726-EFA9D54C84A7}.Debug|x64.Build.0 = Debug|Any CPU
		{57534E68-64AB-416D-A726-EFA9D54C84A7}.Debug|x86.ActiveCfg = Debug|Any CPU
		{57534E68-64AB-416D-A726-EFA9D54C84A7}.Debug|x86.Build.0 = Debug|Any CPU
		{57534E68-64AB-416D-A726-EFA9D54C84A7}.Release|Any CPU.ActiveCfg = Release|Any CPU
		{57534E68-64AB-416D-A726-EFA9D54C84A7}.Release|Any CPU.Build.0 = Release|Any CPU
		{57534E68-64AB-416D-A726-EFA9D54C84A7}.Release|x64.ActiveCfg = Release|Any CPU
		{57534E68-64AB-416D-A726-EFA9D54C84A7}.Release|x64.Build.0 = Release|Any CPU
		{57534E68-64AB-416D-A726-EFA9D54C84A7}.Release|x86.ActiveCfg = Release|Any CPU
		{57534E68-64AB-416D-A726-EFA9D54C84A7}.Release|x86.Build.0 = Release|Any CPU
		{575CF91C-2932-4AE4-8A58-3EFFDA3C367F}.Debug|Any CPU.ActiveCfg = Debug|Any CPU
		{575CF91C-2932-4AE4-8A58-3EFFDA3C367F}.Debug|Any CPU.Build.0 = Debug|Any CPU
		{575CF91C-2932-4AE4-8A58-3EFFDA3C367F}.Debug|x64.ActiveCfg = Debug|Any CPU
		{575CF91C-2932-4AE4-8A58-3EFFDA3C367F}.Debug|x64.Build.0 = Debug|Any CPU
		{575CF91C-2932-4AE4-8A58-3EFFDA3C367F}.Debug|x86.ActiveCfg = Debug|Any CPU
		{575CF91C-2932-4AE4-8A58-3EFFDA3C367F}.Debug|x86.Build.0 = Debug|Any CPU
		{575CF91C-2932-4AE4-8A58-3EFFDA3C367F}.Release|Any CPU.ActiveCfg = Release|Any CPU
		{575CF91C-2932-4AE4-8A58-3EFFDA3C367F}.Release|Any CPU.Build.0 = Release|Any CPU
		{575CF91C-2932-4AE4-8A58-3EFFDA3C367F}.Release|x64.ActiveCfg = Release|Any CPU
		{575CF91C-2932-4AE4-8A58-3EFFDA3C367F}.Release|x64.Build.0 = Release|Any CPU
		{575CF91C-2932-4AE4-8A58-3EFFDA3C367F}.Release|x86.ActiveCfg = Release|Any CPU
		{575CF91C-2932-4AE4-8A58-3EFFDA3C367F}.Release|x86.Build.0 = Release|Any CPU
		{3CF8A4AF-825C-4328-A8FE-9F0B24A73A19}.Debug|Any CPU.ActiveCfg = Debug|Any CPU
		{3CF8A4AF-825C-4328-A8FE-9F0B24A73A19}.Debug|Any CPU.Build.0 = Debug|Any CPU
		{3CF8A4AF-825C-4328-A8FE-9F0B24A73A19}.Debug|x64.ActiveCfg = Debug|Any CPU
		{3CF8A4AF-825C-4328-A8FE-9F0B24A73A19}.Debug|x64.Build.0 = Debug|Any CPU
		{3CF8A4AF-825C-4328-A8FE-9F0B24A73A19}.Debug|x86.ActiveCfg = Debug|Any CPU
		{3CF8A4AF-825C-4328-A8FE-9F0B24A73A19}.Debug|x86.Build.0 = Debug|Any CPU
		{3CF8A4AF-825C-4328-A8FE-9F0B24A73A19}.Release|Any CPU.ActiveCfg = Release|Any CPU
		{3CF8A4AF-825C-4328-A8FE-9F0B24A73A19}.Release|Any CPU.Build.0 = Release|Any CPU
		{3CF8A4AF-825C-4328-A8FE-9F0B24A73A19}.Release|x64.ActiveCfg = Release|Any CPU
		{3CF8A4AF-825C-4328-A8FE-9F0B24A73A19}.Release|x64.Build.0 = Release|Any CPU
		{3CF8A4AF-825C-4328-A8FE-9F0B24A73A19}.Release|x86.ActiveCfg = Release|Any CPU
		{3CF8A4AF-825C-4328-A8FE-9F0B24A73A19}.Release|x86.Build.0 = Release|Any CPU
		{E7D249E2-2FD4-2C97-F6C0-3966C3EDACEF}.Debug|Any CPU.ActiveCfg = Debug|Any CPU
		{E7D249E2-2FD4-2C97-F6C0-3966C3EDACEF}.Debug|Any CPU.Build.0 = Debug|Any CPU
		{E7D249E2-2FD4-2C97-F6C0-3966C3EDACEF}.Debug|x64.ActiveCfg = Debug|Any CPU
		{E7D249E2-2FD4-2C97-F6C0-3966C3EDACEF}.Debug|x64.Build.0 = Debug|Any CPU
		{E7D249E2-2FD4-2C97-F6C0-3966C3EDACEF}.Debug|x86.ActiveCfg = Debug|Any CPU
		{E7D249E2-2FD4-2C97-F6C0-3966C3EDACEF}.Debug|x86.Build.0 = Debug|Any CPU
		{E7D249E2-2FD4-2C97-F6C0-3966C3EDACEF}.Release|Any CPU.ActiveCfg = Release|Any CPU
		{E7D249E2-2FD4-2C97-F6C0-3966C3EDACEF}.Release|Any CPU.Build.0 = Release|Any CPU
		{E7D249E2-2FD4-2C97-F6C0-3966C3EDACEF}.Release|x64.ActiveCfg = Release|Any CPU
		{E7D249E2-2FD4-2C97-F6C0-3966C3EDACEF}.Release|x64.Build.0 = Release|Any CPU
		{E7D249E2-2FD4-2C97-F6C0-3966C3EDACEF}.Release|x86.ActiveCfg = Release|Any CPU
		{E7D249E2-2FD4-2C97-F6C0-3966C3EDACEF}.Release|x86.Build.0 = Release|Any CPU
		{720958E2-07DA-4C26-AAA3-51ABB8C3441F}.Debug|Any CPU.ActiveCfg = Debug|Any CPU
		{720958E2-07DA-4C26-AAA3-51ABB8C3441F}.Debug|Any CPU.Build.0 = Debug|Any CPU
		{720958E2-07DA-4C26-AAA3-51ABB8C3441F}.Debug|x64.ActiveCfg = Debug|Any CPU
		{720958E2-07DA-4C26-AAA3-51ABB8C3441F}.Debug|x64.Build.0 = Debug|Any CPU
		{720958E2-07DA-4C26-AAA3-51ABB8C3441F}.Debug|x86.ActiveCfg = Debug|Any CPU
		{720958E2-07DA-4C26-AAA3-51ABB8C3441F}.Debug|x86.Build.0 = Debug|Any CPU
		{720958E2-07DA-4C26-AAA3-51ABB8C3441F}.Release|Any CPU.ActiveCfg = Release|Any CPU
		{720958E2-07DA-4C26-AAA3-51ABB8C3441F}.Release|Any CPU.Build.0 = Release|Any CPU
		{720958E2-07DA-4C26-AAA3-51ABB8C3441F}.Release|x64.ActiveCfg = Release|Any CPU
		{720958E2-07DA-4C26-AAA3-51ABB8C3441F}.Release|x64.Build.0 = Release|Any CPU
		{720958E2-07DA-4C26-AAA3-51ABB8C3441F}.Release|x86.ActiveCfg = Release|Any CPU
		{720958E2-07DA-4C26-AAA3-51ABB8C3441F}.Release|x86.Build.0 = Release|Any CPU
		{5D963FA7-F8D1-4CC9-BCB3-1F8212BEFCCE}.Debug|Any CPU.ActiveCfg = Debug|Any CPU
		{5D963FA7-F8D1-4CC9-BCB3-1F8212BEFCCE}.Debug|Any CPU.Build.0 = Debug|Any CPU
		{5D963FA7-F8D1-4CC9-BCB3-1F8212BEFCCE}.Debug|x64.ActiveCfg = Debug|Any CPU
		{5D963FA7-F8D1-4CC9-BCB3-1F8212BEFCCE}.Debug|x64.Build.0 = Debug|Any CPU
		{5D963FA7-F8D1-4CC9-BCB3-1F8212BEFCCE}.Debug|x86.ActiveCfg = Debug|Any CPU
		{5D963FA7-F8D1-4CC9-BCB3-1F8212BEFCCE}.Debug|x86.Build.0 = Debug|Any CPU
		{5D963FA7-F8D1-4CC9-BCB3-1F8212BEFCCE}.Release|Any CPU.ActiveCfg = Release|Any CPU
		{5D963FA7-F8D1-4CC9-BCB3-1F8212BEFCCE}.Release|Any CPU.Build.0 = Release|Any CPU
		{5D963FA7-F8D1-4CC9-BCB3-1F8212BEFCCE}.Release|x64.ActiveCfg = Release|Any CPU
		{5D963FA7-F8D1-4CC9-BCB3-1F8212BEFCCE}.Release|x64.Build.0 = Release|Any CPU
		{5D963FA7-F8D1-4CC9-BCB3-1F8212BEFCCE}.Release|x86.ActiveCfg = Release|Any CPU
		{5D963FA7-F8D1-4CC9-BCB3-1F8212BEFCCE}.Release|x86.Build.0 = Release|Any CPU
	EndGlobalSection
	GlobalSection(SolutionProperties) = preSolution
		HideSolutionNode = FALSE
	EndGlobalSection
	GlobalSection(NestedProjects) = preSolution
		{783E953D-A137-4A07-93A9-18433EE25343} = {64880D93-BAB4-FF83-898C-B934B68C31A9}
		{BB80357C-2B0B-B21B-1EE0-A4BBD8A826A6} = {64880D93-BAB4-FF83-898C-B934B68C31A9}
		{33AE86E0-E162-3C87-0876-2D5636AC9E06} = {08179FBA-AEB8-7AF7-21CF-6B348021C333}
		{58A623CE-C465-8C6B-BABB-3E5A8B866608} = {0C88DD14-F956-CE84-757C-A364CCF449FC}
		{81034408-37C8-1011-444E-4C15C2FADA8E} = {827E0CD3-B72D-47B6-A68D-7590B98EB39B}
		{08179FBA-AEB8-7AF7-21CF-6B348021C333} = {827E0CD3-B72D-47B6-A68D-7590B98EB39B}
		{C8E42992-5E42-0C2B-DBFE-AA848D06431C} = {827E0CD3-B72D-47B6-A68D-7590B98EB39B}
		{F6249621-6443-4383-AABD-912E28C5D900} = {C8E42992-5E42-0C2B-DBFE-AA848D06431C}
		{57534E68-64AB-416D-A726-EFA9D54C84A7} = {81034408-37C8-1011-444E-4C15C2FADA8E}
		{575CF91C-2932-4AE4-8A58-3EFFDA3C367F} = {81034408-37C8-1011-444E-4C15C2FADA8E}
		{3CF8A4AF-825C-4328-A8FE-9F0B24A73A19} = {81034408-37C8-1011-444E-4C15C2FADA8E}
		{E7D249E2-2FD4-2C97-F6C0-3966C3EDACEF} = {81034408-37C8-1011-444E-4C15C2FADA8E}
		{97094B24-3C9A-C0DB-C982-4A4025DE3508} = {0AB3BF05-4346-4AA6-1389-037BE0695223}
		{720958E2-07DA-4C26-AAA3-51ABB8C3441F} = {97094B24-3C9A-C0DB-C982-4A4025DE3508}
		{5D963FA7-F8D1-4CC9-BCB3-1F8212BEFCCE} = {97094B24-3C9A-C0DB-C982-4A4025DE3508}
	EndGlobalSection
	GlobalSection(ExtensibilityGlobals) = postSolution
		SolutionGuid = {752923C4-4FCE-442F-8EC6-FB14A214D5A6}
	EndGlobalSection
EndGlobal
